
Microsoft Visual Studio Solution File, Format Version 12.00
# Visual Studio Version 17
VisualStudioVersion = 17.7.34221.43
MinimumVisualStudioVersion = 10.0.40219.1
Project("{2150E333-8FDC-42A3-9474-1A3956D46DE8}") = "Metadata", "Metadata", "{80CE6DFD-BE10-4777-8005-80F696AFBF4A}"
EndProject
Project("{2150E333-8FDC-42A3-9474-1A3956D46DE8}") = "Library", "Library", "{A9C6FD0F-15CE-42F2-A571-E8CECDD8AB06}"
EndProject
Project("{2150E333-8FDC-42A3-9474-1A3956D46DE8}") = "Common", "Common", "{C77D2B41-0C67-4B0E-944B-0F0472613247}"
EndProject
Project("{FAE04EC0-301F-11D3-BF4B-00C04F79EFBC}") = "Amazon Games Library", "Source\Library\Amazon Games\Amazon Games Library.csproj", "{06BF876E-7083-4CC3-A117-23B2C577CE26}"
EndProject
Project("{FAE04EC0-301F-11D3-BF4B-00C04F79EFBC}") = "Steam Library", "Source\Library\Steam\Steam Library.csproj", "{0A13CBC8-ECD4-4B9F-961E-E6462F7D2DC0}"
EndProject
Project("{FAE04EC0-301F-11D3-BF4B-00C04F79EFBC}") = "IGDB Metadata", "Source\Metadata\IGDB\IGDB Metadata.csproj", "{75BE5285-6C7C-48FD-A88A-DF1F51B4E955}"
EndProject
Project("{FAE04EC0-301F-11D3-BF4B-00C04F79EFBC}") = "Battle.net Library", "Source\Library\Battle.net\Battle.net Library.csproj", "{E74F843D-39EF-409A-B3FB-341F486A4F97}"
EndProject
Project("{FAE04EC0-301F-11D3-BF4B-00C04F79EFBC}") = "Epic Games Library", "Source\Library\Epic Games\Epic Games Library.csproj", "{2FD110FE-F936-4768-AE66-55EC7A60989A}"
EndProject
Project("{FAE04EC0-301F-11D3-BF4B-00C04F79EFBC}") = "GOG Library", "Source\Library\GOG\GOG Library.csproj", "{2E4F6F47-C3AC-4650-936A-09E675B9B3B3}"
EndProject
Project("{FAE04EC0-301F-11D3-BF4B-00C04F79EFBC}") = "Humble Bundle Library", "Source\Library\Humble Bundle\Humble Bundle Library.csproj", "{2351B5C1-6E28-4B79-A1D9-90FDA53B5417}"
EndProject
Project("{FAE04EC0-301F-11D3-BF4B-00C04F79EFBC}") = "EA Library", "Source\Library\EA\EA Library.csproj", "{D0EFC813-C836-4167-A120-2DE785E140A1}"
EndProject
Project("{FAE04EC0-301F-11D3-BF4B-00C04F79EFBC}") = "Ubisoft Connect Library", "Source\Library\Ubisoft Connect\Ubisoft Connect Library.csproj", "{7DC1512C-5C82-434B-9675-12AD94B74C56}"
EndProject
Project("{FAE04EC0-301F-11D3-BF4B-00C04F79EFBC}") = "Xbox Library", "Source\Library\Xbox\Xbox Library.csproj", "{108638B7-D926-4311-9249-651A1CCAA742}"
EndProject
Project("{FAE04EC0-301F-11D3-BF4B-00C04F79EFBC}") = "Steam Metadata", "Source\Metadata\Steam\Steam Metadata.csproj", "{A54423D1-8E7A-4339-B0D5-24E7CEFE469B}"
EndProject
Project("{FAE04EC0-301F-11D3-BF4B-00C04F79EFBC}") = "Rockstar Games Library", "Source\Library\Rockstar Games\Rockstar Games Library.csproj", "{183FAF1B-0385-469D-8465-6F21076BF7B6}"
EndProject
Project("{FAE04EC0-301F-11D3-BF4B-00C04F79EFBC}") = "Common", "Source\Common\Common.csproj", "{EC61901F-C040-4A87-A5A9-7C2C5AD52E7D}"
EndProject
Project("{2150E333-8FDC-42A3-9474-1A3956D46DE8}") = "Solution Items", "Solution Items", "{ADB870CC-79B1-452D-9C97-621A81920FE1}"
	ProjectSection(SolutionItems) = preProject
		.editorconfig = .editorconfig
	EndProjectSection
EndProject
Global
	GlobalSection(SolutionConfigurationPlatforms) = preSolution
		Debug|Any CPU = Debug|Any CPU
		Release|Any CPU = Release|Any CPU
		ReleasePack|Any CPU = ReleasePack|Any CPU
		ReleaseUpgrade|Any CPU = ReleaseUpgrade|Any CPU
	EndGlobalSection
	GlobalSection(ProjectConfigurationPlatforms) = postSolution
		{06BF876E-7083-4CC3-A117-23B2C577CE26}.Debug|Any CPU.ActiveCfg = Debug|Any CPU
		{06BF876E-7083-4CC3-A117-23B2C577CE26}.Debug|Any CPU.Build.0 = Debug|Any CPU
		{06BF876E-7083-4CC3-A117-23B2C577CE26}.Release|Any CPU.ActiveCfg = Release|Any CPU
		{06BF876E-7083-4CC3-A117-23B2C577CE26}.Release|Any CPU.Build.0 = Release|Any CPU
		{06BF876E-7083-4CC3-A117-23B2C577CE26}.ReleasePack|Any CPU.ActiveCfg = ReleasePack|Any CPU
		{06BF876E-7083-4CC3-A117-23B2C577CE26}.ReleasePack|Any CPU.Build.0 = ReleasePack|Any CPU
		{06BF876E-7083-4CC3-A117-23B2C577CE26}.ReleaseUpgrade|Any CPU.ActiveCfg = ReleaseUpgrade|Any CPU
		{06BF876E-7083-4CC3-A117-23B2C577CE26}.ReleaseUpgrade|Any CPU.Build.0 = ReleaseUpgrade|Any CPU
		{0A13CBC8-ECD4-4B9F-961E-E6462F7D2DC0}.Debug|Any CPU.ActiveCfg = Debug|Any CPU
		{0A13CBC8-ECD4-4B9F-961E-E6462F7D2DC0}.Debug|Any CPU.Build.0 = Debug|Any CPU
		{0A13CBC8-ECD4-4B9F-961E-E6462F7D2DC0}.Release|Any CPU.ActiveCfg = Release|Any CPU
		{0A13CBC8-ECD4-4B9F-961E-E6462F7D2DC0}.Release|Any CPU.Build.0 = Release|Any CPU
		{0A13CBC8-ECD4-4B9F-961E-E6462F7D2DC0}.ReleasePack|Any CPU.ActiveCfg = ReleasePack|Any CPU
		{0A13CBC8-ECD4-4B9F-961E-E6462F7D2DC0}.ReleasePack|Any CPU.Build.0 = ReleasePack|Any CPU
		{0A13CBC8-ECD4-4B9F-961E-E6462F7D2DC0}.ReleaseUpgrade|Any CPU.ActiveCfg = ReleaseUpgrade|Any CPU
		{0A13CBC8-ECD4-4B9F-961E-E6462F7D2DC0}.ReleaseUpgrade|Any CPU.Build.0 = ReleaseUpgrade|Any CPU
		{75BE5285-6C7C-48FD-A88A-DF1F51B4E955}.Debug|Any CPU.ActiveCfg = Debug|Any CPU
		{75BE5285-6C7C-48FD-A88A-DF1F51B4E955}.Debug|Any CPU.Build.0 = Debug|Any CPU
		{75BE5285-6C7C-48FD-A88A-DF1F51B4E955}.Release|Any CPU.ActiveCfg = Release|Any CPU
		{75BE5285-6C7C-48FD-A88A-DF1F51B4E955}.Release|Any CPU.Build.0 = Release|Any CPU
		{75BE5285-6C7C-48FD-A88A-DF1F51B4E955}.ReleasePack|Any CPU.ActiveCfg = ReleasePack|Any CPU
		{75BE5285-6C7C-48FD-A88A-DF1F51B4E955}.ReleasePack|Any CPU.Build.0 = ReleasePack|Any CPU
		{75BE5285-6C7C-48FD-A88A-DF1F51B4E955}.ReleaseUpgrade|Any CPU.ActiveCfg = ReleaseUpgrade|Any CPU
		{75BE5285-6C7C-48FD-A88A-DF1F51B4E955}.ReleaseUpgrade|Any CPU.Build.0 = ReleaseUpgrade|Any CPU
		{E74F843D-39EF-409A-B3FB-341F486A4F97}.Debug|Any CPU.ActiveCfg = Debug|Any CPU
		{E74F843D-39EF-409A-B3FB-341F486A4F97}.Debug|Any CPU.Build.0 = Debug|Any CPU
		{E74F843D-39EF-409A-B3FB-341F486A4F97}.Release|Any CPU.ActiveCfg = Release|Any CPU
		{E74F843D-39EF-409A-B3FB-341F486A4F97}.Release|Any CPU.Build.0 = Release|Any CPU
		{E74F843D-39EF-409A-B3FB-341F486A4F97}.ReleasePack|Any CPU.ActiveCfg = ReleasePack|Any CPU
		{E74F843D-39EF-409A-B3FB-341F486A4F97}.ReleasePack|Any CPU.Build.0 = ReleasePack|Any CPU
		{E74F843D-39EF-409A-B3FB-341F486A4F97}.ReleaseUpgrade|Any CPU.ActiveCfg = ReleaseUpgrade|Any CPU
		{E74F843D-39EF-409A-B3FB-341F486A4F97}.ReleaseUpgrade|Any CPU.Build.0 = ReleaseUpgrade|Any CPU
		{2FD110FE-F936-4768-AE66-55EC7A60989A}.Debug|Any CPU.ActiveCfg = Debug|Any CPU
		{2FD110FE-F936-4768-AE66-55EC7A60989A}.Debug|Any CPU.Build.0 = Debug|Any CPU
		{2FD110FE-F936-4768-AE66-55EC7A60989A}.Release|Any CPU.ActiveCfg = Release|Any CPU
		{2FD110FE-F936-4768-AE66-55EC7A60989A}.Release|Any CPU.Build.0 = Release|Any CPU
		{2FD110FE-F936-4768-AE66-55EC7A60989A}.ReleasePack|Any CPU.ActiveCfg = ReleasePack|Any CPU
		{2FD110FE-F936-4768-AE66-55EC7A60989A}.ReleasePack|Any CPU.Build.0 = ReleasePack|Any CPU
		{2FD110FE-F936-4768-AE66-55EC7A60989A}.ReleaseUpgrade|Any CPU.ActiveCfg = ReleaseUpgrade|Any CPU
		{2FD110FE-F936-4768-AE66-55EC7A60989A}.ReleaseUpgrade|Any CPU.Build.0 = ReleaseUpgrade|Any CPU
		{2E4F6F47-C3AC-4650-936A-09E675B9B3B3}.Debug|Any CPU.ActiveCfg = Debug|Any CPU
		{2E4F6F47-C3AC-4650-936A-09E675B9B3B3}.Debug|Any CPU.Build.0 = Debug|Any CPU
		{2E4F6F47-C3AC-4650-936A-09E675B9B3B3}.Release|Any CPU.ActiveCfg = Release|Any CPU
		{2E4F6F47-C3AC-4650-936A-09E675B9B3B3}.Release|Any CPU.Build.0 = Release|Any CPU
		{2E4F6F47-C3AC-4650-936A-09E675B9B3B3}.ReleasePack|Any CPU.ActiveCfg = ReleasePack|Any CPU
		{2E4F6F47-C3AC-4650-936A-09E675B9B3B3}.ReleasePack|Any CPU.Build.0 = ReleasePack|Any CPU
		{2E4F6F47-C3AC-4650-936A-09E675B9B3B3}.ReleaseUpgrade|Any CPU.ActiveCfg = ReleaseUpgrade|Any CPU
		{2E4F6F47-C3AC-4650-936A-09E675B9B3B3}.ReleaseUpgrade|Any CPU.Build.0 = ReleaseUpgrade|Any CPU
		{2351B5C1-6E28-4B79-A1D9-90FDA53B5417}.Debug|Any CPU.ActiveCfg = Debug|Any CPU
		{2351B5C1-6E28-4B79-A1D9-90FDA53B5417}.Debug|Any CPU.Build.0 = Debug|Any CPU
		{2351B5C1-6E28-4B79-A1D9-90FDA53B5417}.Release|Any CPU.ActiveCfg = Release|Any CPU
		{2351B5C1-6E28-4B79-A1D9-90FDA53B5417}.Release|Any CPU.Build.0 = Release|Any CPU
		{2351B5C1-6E28-4B79-A1D9-90FDA53B5417}.ReleasePack|Any CPU.ActiveCfg = ReleasePack|Any CPU
		{2351B5C1-6E28-4B79-A1D9-90FDA53B5417}.ReleasePack|Any CPU.Build.0 = ReleasePack|Any CPU
		{2351B5C1-6E28-4B79-A1D9-90FDA53B5417}.ReleaseUpgrade|Any CPU.ActiveCfg = ReleaseUpgrade|Any CPU
		{2351B5C1-6E28-4B79-A1D9-90FDA53B5417}.ReleaseUpgrade|Any CPU.Build.0 = ReleaseUpgrade|Any CPU
		{D0EFC813-C836-4167-A120-2DE785E140A1}.Debug|Any CPU.ActiveCfg = Debug|Any CPU
		{D0EFC813-C836-4167-A120-2DE785E140A1}.Debug|Any CPU.Build.0 = Debug|Any CPU
		{D0EFC813-C836-4167-A120-2DE785E140A1}.Release|Any CPU.ActiveCfg = Release|Any CPU
		{D0EFC813-C836-4167-A120-2DE785E140A1}.Release|Any CPU.Build.0 = Release|Any CPU
		{D0EFC813-C836-4167-A120-2DE785E140A1}.ReleasePack|Any CPU.ActiveCfg = ReleasePack|Any CPU
		{D0EFC813-C836-4167-A120-2DE785E140A1}.ReleasePack|Any CPU.Build.0 = ReleasePack|Any CPU
		{D0EFC813-C836-4167-A120-2DE785E140A1}.ReleaseUpgrade|Any CPU.ActiveCfg = ReleaseUpgrade|Any CPU
		{D0EFC813-C836-4167-A120-2DE785E140A1}.ReleaseUpgrade|Any CPU.Build.0 = ReleaseUpgrade|Any CPU
		{7DC1512C-5C82-434B-9675-12AD94B74C56}.Debug|Any CPU.ActiveCfg = Debug|Any CPU
		{7DC1512C-5C82-434B-9675-12AD94B74C56}.Debug|Any CPU.Build.0 = Debug|Any CPU
		{7DC1512C-5C82-434B-9675-12AD94B74C56}.Release|Any CPU.ActiveCfg = Release|Any CPU
		{7DC1512C-5C82-434B-9675-12AD94B74C56}.Release|Any CPU.Build.0 = Release|Any CPU
		{7DC1512C-5C82-434B-9675-12AD94B74C56}.ReleasePack|Any CPU.ActiveCfg = ReleasePack|Any CPU
		{7DC1512C-5C82-434B-9675-12AD94B74C56}.ReleasePack|Any CPU.Build.0 = ReleasePack|Any CPU
		{7DC1512C-5C82-434B-9675-12AD94B74C56}.ReleaseUpgrade|Any CPU.ActiveCfg = ReleaseUpgrade|Any CPU
		{7DC1512C-5C82-434B-9675-12AD94B74C56}.ReleaseUpgrade|Any CPU.Build.0 = ReleaseUpgrade|Any CPU
		{108638B7-D926-4311-9249-651A1CCAA742}.Debug|Any CPU.ActiveCfg = Debug|Any CPU
		{108638B7-D926-4311-9249-651A1CCAA742}.Debug|Any CPU.Build.0 = Debug|Any CPU
		{108638B7-D926-4311-9249-651A1CCAA742}.Release|Any CPU.ActiveCfg = Release|Any CPU
		{108638B7-D926-4311-9249-651A1CCAA742}.Release|Any CPU.Build.0 = Release|Any CPU
		{108638B7-D926-4311-9249-651A1CCAA742}.ReleasePack|Any CPU.ActiveCfg = ReleasePack|Any CPU
		{108638B7-D926-4311-9249-651A1CCAA742}.ReleasePack|Any CPU.Build.0 = ReleasePack|Any CPU
		{108638B7-D926-4311-9249-651A1CCAA742}.ReleaseUpgrade|Any CPU.ActiveCfg = ReleaseUpgrade|Any CPU
		{108638B7-D926-4311-9249-651A1CCAA742}.ReleaseUpgrade|Any CPU.Build.0 = ReleaseUpgrade|Any CPU
		{A54423D1-8E7A-4339-B0D5-24E7CEFE469B}.Debug|Any CPU.ActiveCfg = Debug|Any CPU
		{A54423D1-8E7A-4339-B0D5-24E7CEFE469B}.Debug|Any CPU.Build.0 = Debug|Any CPU
		{A54423D1-8E7A-4339-B0D5-24E7CEFE469B}.Release|Any CPU.ActiveCfg = Release|Any CPU
		{A54423D1-8E7A-4339-B0D5-24E7CEFE469B}.Release|Any CPU.Build.0 = Release|Any CPU
		{A54423D1-8E7A-4339-B0D5-24E7CEFE469B}.ReleasePack|Any CPU.ActiveCfg = ReleasePack|Any CPU
		{A54423D1-8E7A-4339-B0D5-24E7CEFE469B}.ReleasePack|Any CPU.Build.0 = ReleasePack|Any CPU
		{A54423D1-8E7A-4339-B0D5-24E7CEFE469B}.ReleaseUpgrade|Any CPU.ActiveCfg = ReleaseUpgrade|Any CPU
		{A54423D1-8E7A-4339-B0D5-24E7CEFE469B}.ReleaseUpgrade|Any CPU.Build.0 = ReleaseUpgrade|Any CPU
		{183FAF1B-0385-469D-8465-6F21076BF7B6}.Debug|Any CPU.ActiveCfg = Debug|Any CPU
		{183FAF1B-0385-469D-8465-6F21076BF7B6}.Debug|Any CPU.Build.0 = Debug|Any CPU
		{183FAF1B-0385-469D-8465-6F21076BF7B6}.Release|Any CPU.ActiveCfg = Release|Any CPU
		{183FAF1B-0385-469D-8465-6F21076BF7B6}.Release|Any CPU.Build.0 = Release|Any CPU
		{183FAF1B-0385-469D-8465-6F21076BF7B6}.ReleasePack|Any CPU.ActiveCfg = ReleasePack|Any CPU
		{183FAF1B-0385-469D-8465-6F21076BF7B6}.ReleasePack|Any CPU.Build.0 = ReleasePack|Any CPU
		{183FAF1B-0385-469D-8465-6F21076BF7B6}.ReleaseUpgrade|Any CPU.ActiveCfg = ReleaseUpgrade|Any CPU
		{183FAF1B-0385-469D-8465-6F21076BF7B6}.ReleaseUpgrade|Any CPU.Build.0 = ReleaseUpgrade|Any CPU
		{EC61901F-C040-4A87-A5A9-7C2C5AD52E7D}.Debug|Any CPU.ActiveCfg = Debug|Any CPU
		{EC61901F-C040-4A87-A5A9-7C2C5AD52E7D}.Debug|Any CPU.Build.0 = Debug|Any CPU
		{EC61901F-C040-4A87-A5A9-7C2C5AD52E7D}.Release|Any CPU.ActiveCfg = Release|Any CPU
		{EC61901F-C040-4A87-A5A9-7C2C5AD52E7D}.Release|Any CPU.Build.0 = Release|Any CPU
		{EC61901F-C040-4A87-A5A9-7C2C5AD52E7D}.ReleasePack|Any CPU.ActiveCfg = ReleasePack|Any CPU
		{EC61901F-C040-4A87-A5A9-7C2C5AD52E7D}.ReleasePack|Any CPU.Build.0 = ReleasePack|Any CPU
		{EC61901F-C040-4A87-A5A9-7C2C5AD52E7D}.ReleaseUpgrade|Any CPU.ActiveCfg = ReleaseUpgrade|Any CPU
		{EC61901F-C040-4A87-A5A9-7C2C5AD52E7D}.ReleaseUpgrade|Any CPU.Build.0 = ReleaseUpgrade|Any CPU
	EndGlobalSection
	GlobalSection(SolutionProperties) = preSolution
		HideSolutionNode = FALSE
	EndGlobalSection
	GlobalSection(NestedProjects) = preSolution
		{06BF876E-7083-4CC3-A117-23B2C577CE26} = {A9C6FD0F-15CE-42F2-A571-E8CECDD8AB06}
		{0A13CBC8-ECD4-4B9F-961E-E6462F7D2DC0} = {A9C6FD0F-15CE-42F2-A571-E8CECDD8AB06}
		{75BE5285-6C7C-48FD-A88A-DF1F51B4E955} = {80CE6DFD-BE10-4777-8005-80F696AFBF4A}
		{E74F843D-39EF-409A-B3FB-341F486A4F97} = {A9C6FD0F-15CE-42F2-A571-E8CECDD8AB06}
		{2FD110FE-F936-4768-AE66-55EC7A60989A} = {A9C6FD0F-15CE-42F2-A571-E8CECDD8AB06}
		{2E4F6F47-C3AC-4650-936A-09E675B9B3B3} = {A9C6FD0F-15CE-42F2-A571-E8CECDD8AB06}
		{2351B5C1-6E28-4B79-A1D9-90FDA53B5417} = {A9C6FD0F-15CE-42F2-A571-E8CECDD8AB06}
		{D0EFC813-C836-4167-A120-2DE785E140A1} = {A9C6FD0F-15CE-42F2-A571-E8CECDD8AB06}
		{7DC1512C-5C82-434B-9675-12AD94B74C56} = {A9C6FD0F-15CE-42F2-A571-E8CECDD8AB06}
		{108638B7-D926-4311-9249-651A1CCAA742} = {A9C6FD0F-15CE-42F2-A571-E8CECDD8AB06}
		{A54423D1-8E7A-4339-B0D5-24E7CEFE469B} = {80CE6DFD-BE10-4777-8005-80F696AFBF4A}
		{183FAF1B-0385-469D-8465-6F21076BF7B6} = {A9C6FD0F-15CE-42F2-A571-E8CECDD8AB06}
		{EC61901F-C040-4A87-A5A9-7C2C5AD52E7D} = {C77D2B41-0C67-4B0E-944B-0F0472613247}
	EndGlobalSection
	GlobalSection(ExtensibilityGlobals) = postSolution
		SolutionGuid = {4096CF0F-E5B3-451F-9AED-D1493D1657B4}
	EndGlobalSection
EndGlobal
